
Microsoft Visual Studio Solution File, Format Version 12.00
# Visual Studio Version 17
VisualStudioVersion = 17.12.35527.113 d17.12
MinimumVisualStudioVersion = 10.0.40219.1
Project("{FAE04EC0-301F-11D3-BF4B-00C04F79EFBC}") = "ChessLogic", "ChessLogic\ChessLogic.csproj", "{FA52057B-9E29-40C2-AFE1-C3A15711FAC2}"
EndProject
Project("{FAE04EC0-301F-11D3-BF4B-00C04F79EFBC}") = "UI", "UI\UI.csproj", "{B189A253-AE8E-4650-AE09-F5ECBE0AE466}"
EndProject
Global
	GlobalSection(SolutionConfigurationPlatforms) = preSolution
		Debug|Any CPU = Debug|Any CPU
		Release|Any CPU = Release|Any CPU
	EndGlobalSection
	GlobalSection(ProjectConfigurationPlatforms) = postSolution
		{FA52057B-9E29-40C2-AFE1-C3A15711FAC2}.Debug|Any CPU.ActiveCfg = Debug|Any CPU
		{FA52057B-9E29-40C2-AFE1-C3A15711FAC2}.Debug|Any CPU.Build.0 = Debug|Any CPU
		{FA52057B-9E29-40C2-AFE1-C3A15711FAC2}.Release|Any CPU.ActiveCfg = Release|Any CPU
		{FA52057B-9E29-40C2-AFE1-C3A15711FAC2}.Release|Any CPU.Build.0 = Release|Any CPU
		{B189A253-AE8E-4650-AE09-F5ECBE0AE466}.Debug|Any CPU.ActiveCfg = Debug|Any CPU
		{B189A253-AE8E-4650-AE09-F5ECBE0AE466}.Debug|Any CPU.Build.0 = Debug|Any CPU
		{B189A253-AE8E-4650-AE09-F5ECBE0AE466}.Release|Any CPU.ActiveCfg = Release|Any CPU
		{B189A253-AE8E-4650-AE09-F5ECBE0AE466}.Release|Any CPU.Build.0 = Release|Any CPU
	EndGlobalSection
	GlobalSection(SolutionProperties) = preSolution
		HideSolutionNode = FALSE
	EndGlobalSection
EndGlobal
